
Microsoft Visual Studio Solution File, Format Version 12.00
# Visual Studio Version 17
VisualStudioVersion = 17.9.34728.123
MinimumVisualStudioVersion = 10.0.40219.1
Project("{FAE04EC0-301F-11D3-BF4B-00C04F79EFBC}") = "SendEmail", "SendEmail\SendEmail.csproj", "{5BE68A2F-279B-4E7A-9EA7-00ACBFB2248D}"
EndProject
Global
	GlobalSection(SolutionConfigurationPlatforms) = preSolution
		Debug|Any CPU = Debug|Any CPU
		Release|Any CPU = Release|Any CPU
	EndGlobalSection
	GlobalSection(ProjectConfigurationPlatforms) = postSolution
		{5BE68A2F-279B-4E7A-9EA7-00ACBFB2248D}.Debug|Any CPU.ActiveCfg = Debug|Any CPU
		{5BE68A2F-279B-4E7A-9EA7-00ACBFB2248D}.Debug|Any CPU.Build.0 = Debug|Any CPU
		{5BE68A2F-279B-4E7A-9EA7-00ACBFB2248D}.Release|Any CPU.ActiveCfg = Release|Any CPU
		{5BE68A2F-279B-4E7A-9EA7-00ACBFB2248D}.Release|Any CPU.Build.0 = Release|Any CPU
	EndGlobalSection
	GlobalSection(SolutionProperties) = preSolution
		HideSolutionNode = FALSE
	EndGlobalSection
	GlobalSection(ExtensibilityGlobals) = postSolution
		SolutionGuid = {8D5CDFEE-778C-491E-9B02-646FBCDB7C1D}
	EndGlobalSection
EndGlobal
